
Microsoft Visual Studio Solution File, Format Version 12.00
# Visual Studio 15
VisualStudioVersion = 15.0.27130.2036
MinimumVisualStudioVersion = 10.0.40219.1
Project("{FAE04EC0-301F-11D3-BF4B-00C04F79EFBC}") = "CarRental.Data", "CarRental.Data\CarRental.Data.csproj", "{B891EA39-196F-485E-BA71-D092100C5F0A}"
EndProject
Project("{FAE04EC0-301F-11D3-BF4B-00C04F79EFBC}") = "CarRental.Domain", "CarRental.Domain\CarRental.Domain.csproj", "{7DC54934-5EB1-472E-A726-E11B50B11EC7}"
EndProject
Global
	GlobalSection(SolutionConfigurationPlatforms) = preSolution
		Debug|Any CPU = Debug|Any CPU
		Release|Any CPU = Release|Any CPU
	EndGlobalSection
	GlobalSection(ProjectConfigurationPlatforms) = postSolution
		{B891EA39-196F-485E-BA71-D092100C5F0A}.Debug|Any CPU.ActiveCfg = Debug|Any CPU
		{B891EA39-196F-485E-BA71-D092100C5F0A}.Debug|Any CPU.Build.0 = Debug|Any CPU
		{B891EA39-196F-485E-BA71-D092100C5F0A}.Release|Any CPU.ActiveCfg = Release|Any CPU
		{B891EA39-196F-485E-BA71-D092100C5F0A}.Release|Any CPU.Build.0 = Release|Any CPU
		{7DC54934-5EB1-472E-A726-E11B50B11EC7}.Debug|Any CPU.ActiveCfg = Debug|Any CPU
		{7DC54934-5EB1-472E-A726-E11B50B11EC7}.Debug|Any CPU.Build.0 = Debug|Any CPU
		{7DC54934-5EB1-472E-A726-E11B50B11EC7}.Release|Any CPU.ActiveCfg = Release|Any CPU
		{7DC54934-5EB1-472E-A726-E11B50B11EC7}.Release|Any CPU.Build.0 = Release|Any CPU
	EndGlobalSection
	GlobalSection(SolutionProperties) = preSolution
		HideSolutionNode = FALSE
	EndGlobalSection
	GlobalSection(ExtensibilityGlobals) = postSolution
		SolutionGuid = {74F8FF3D-C4BE-4B9A-B68F-E7BA06E2F9B9}
	EndGlobalSection
EndGlobal
